
Microsoft Visual Studio Solution File, Format Version 12.00
# Visual Studio Version 17
VisualStudioVersion = 17.9.34728.123
MinimumVisualStudioVersion = 10.0.40219.1
Project("{FAE04EC0-301F-11D3-BF4B-00C04F79EFBC}") = "NewCabInvoice", "NewCabInvoice\NewCabInvoice.csproj", "{65E55AB3-E8D7-4000-94EE-BA6A5CF00A9D}"
EndProject
Project("{FAE04EC0-301F-11D3-BF4B-00C04F79EFBC}") = "NewCabInvoiceTest", "NewCabInvoiceTest\NewCabInvoiceTest.csproj", "{1B9DE583-835C-4243-86F2-EFE413C796B1}"
EndProject
Global
	GlobalSection(SolutionConfigurationPlatforms) = preSolution
		Debug|Any CPU = Debug|Any CPU
		Release|Any CPU = Release|Any CPU
	EndGlobalSection
	GlobalSection(ProjectConfigurationPlatforms) = postSolution
		{65E55AB3-E8D7-4000-94EE-BA6A5CF00A9D}.Debug|Any CPU.ActiveCfg = Debug|Any CPU
		{65E55AB3-E8D7-4000-94EE-BA6A5CF00A9D}.Debug|Any CPU.Build.0 = Debug|Any CPU
		{65E55AB3-E8D7-4000-94EE-BA6A5CF00A9D}.Release|Any CPU.ActiveCfg = Release|Any CPU
		{65E55AB3-E8D7-4000-94EE-BA6A5CF00A9D}.Release|Any CPU.Build.0 = Release|Any CPU
		{1B9DE583-835C-4243-86F2-EFE413C796B1}.Debug|Any CPU.ActiveCfg = Debug|Any CPU
		{1B9DE583-835C-4243-86F2-EFE413C796B1}.Debug|Any CPU.Build.0 = Debug|Any CPU
		{1B9DE583-835C-4243-86F2-EFE413C796B1}.Release|Any CPU.ActiveCfg = Release|Any CPU
		{1B9DE583-835C-4243-86F2-EFE413C796B1}.Release|Any CPU.Build.0 = Release|Any CPU
	EndGlobalSection
	GlobalSection(SolutionProperties) = preSolution
		HideSolutionNode = FALSE
	EndGlobalSection
	GlobalSection(ExtensibilityGlobals) = postSolution
		SolutionGuid = {809D47ED-FA93-402D-B9DF-373CA7BB19FD}
	EndGlobalSection
EndGlobal
